
Microsoft Visual Studio Solution File, Format Version 12.00
# Visual Studio Version 17
VisualStudioVersion = 17.9.34622.214
MinimumVisualStudioVersion = 10.0.40219.1
Project("{FAE04EC0-301F-11D3-BF4B-00C04F79EFBC}") = "WebAPI", "WebAPI\WebAPI.csproj", "{47C12819-C311-4591-B079-9188ABE7DD50}"
EndProject
Project("{FAE04EC0-301F-11D3-BF4B-00C04F79EFBC}") = "Business", "Business\Business.csproj", "{1852D622-069D-4FAC-8D8D-E78605A2EB2B}"
EndProject
Project("{FAE04EC0-301F-11D3-BF4B-00C04F79EFBC}") = "DataAccess", "DataAccess\DataAccess.csproj", "{2A2ABAF0-DB83-4171-9882-E8CEE15D3BCF}"
EndProject
Project("{FAE04EC0-301F-11D3-BF4B-00C04F79EFBC}") = "Entities", "Entities\Entities.csproj", "{E7C335DD-90C2-408F-8CEE-991B09B27042}"
EndProject
Global
	GlobalSection(SolutionConfigurationPlatforms) = preSolution
		Debug|Any CPU = Debug|Any CPU
		Release|Any CPU = Release|Any CPU
	EndGlobalSection
	GlobalSection(ProjectConfigurationPlatforms) = postSolution
		{47C12819-C311-4591-B079-9188ABE7DD50}.Debug|Any CPU.ActiveCfg = Debug|Any CPU
		{47C12819-C311-4591-B079-9188ABE7DD50}.Debug|Any CPU.Build.0 = Debug|Any CPU
		{47C12819-C311-4591-B079-9188ABE7DD50}.Release|Any CPU.ActiveCfg = Release|Any CPU
		{47C12819-C311-4591-B079-9188ABE7DD50}.Release|Any CPU.Build.0 = Release|Any CPU
		{1852D622-069D-4FAC-8D8D-E78605A2EB2B}.Debug|Any CPU.ActiveCfg = Debug|Any CPU
		{1852D622-069D-4FAC-8D8D-E78605A2EB2B}.Debug|Any CPU.Build.0 = Debug|Any CPU
		{1852D622-069D-4FAC-8D8D-E78605A2EB2B}.Release|Any CPU.ActiveCfg = Release|Any CPU
		{1852D622-069D-4FAC-8D8D-E78605A2EB2B}.Release|Any CPU.Build.0 = Release|Any CPU
		{2A2ABAF0-DB83-4171-9882-E8CEE15D3BCF}.Debug|Any CPU.ActiveCfg = Debug|Any CPU
		{2A2ABAF0-DB83-4171-9882-E8CEE15D3BCF}.Debug|Any CPU.Build.0 = Debug|Any CPU
		{2A2ABAF0-DB83-4171-9882-E8CEE15D3BCF}.Release|Any CPU.ActiveCfg = Release|Any CPU
		{2A2ABAF0-DB83-4171-9882-E8CEE15D3BCF}.Release|Any CPU.Build.0 = Release|Any CPU
		{E7C335DD-90C2-408F-8CEE-991B09B27042}.Debug|Any CPU.ActiveCfg = Debug|Any CPU
		{E7C335DD-90C2-408F-8CEE-991B09B27042}.Debug|Any CPU.Build.0 = Debug|Any CPU
		{E7C335DD-90C2-408F-8CEE-991B09B27042}.Release|Any CPU.ActiveCfg = Release|Any CPU
		{E7C335DD-90C2-408F-8CEE-991B09B27042}.Release|Any CPU.Build.0 = Release|Any CPU
	EndGlobalSection
	GlobalSection(SolutionProperties) = preSolution
		HideSolutionNode = FALSE
	EndGlobalSection
	GlobalSection(ExtensibilityGlobals) = postSolution
		SolutionGuid = {AE794FD8-CBD0-408C-A25C-54D280FE4487}
	EndGlobalSection
EndGlobal
